
Microsoft Visual Studio Solution File, Format Version 12.00
# Visual Studio Version 17
VisualStudioVersion = 17.12.35707.178 d17.12
MinimumVisualStudioVersion = 10.0.40219.1
Project("{FAE04EC0-301F-11D3-BF4B-00C04F79EFBC}") = "ApplyBuddy.Server", "ApplyBuddy.Server\ApplyBuddy.Server.csproj", "{D2D767EA-D71C-4845-9919-59347957EECC}"
EndProject
Project("{54A90642-561A-4BB1-A94E-469ADEE60C69}") = "applybuddy.client", "applybuddy.client\applybuddy.client.esproj", "{1B63BF7D-1A5A-44B3-9057-6BCCF89F39AC}"
EndProject
Project("{2150E333-8FDC-42A3-9474-1A3956D46DE8}") = "src", "src", "{0ACAC17C-F7C4-480A-A606-364D3FFFDC54}"
EndProject
Project("{2150E333-8FDC-42A3-9474-1A3956D46DE8}") = "test", "test", "{B818A1D6-489D-4DD9-86B3-64053FC1D168}"
EndProject
Project("{2150E333-8FDC-42A3-9474-1A3956D46DE8}") = "old", "old", "{9CA4B623-454D-43E5-89C7-72D590AA9544}"
EndProject
Project("{2150E333-8FDC-42A3-9474-1A3956D46DE8}") = "API", "API", "{58640E6B-67AB-4544-B44E-A4C466A31CD2}"
EndProject
Project("{2150E333-8FDC-42A3-9474-1A3956D46DE8}") = "Core", "Core", "{2FF5B7A2-8241-4CBE-AB0C-C3E3E2BACEC8}"
EndProject
Project("{2150E333-8FDC-42A3-9474-1A3956D46DE8}") = "Inrastructure", "Inrastructure", "{E178F924-EE17-459D-B9CE-B70B6927BEE4}"
EndProject
Project("{FAE04EC0-301F-11D3-BF4B-00C04F79EFBC}") = "Domain", "Domain\Domain.csproj", "{B3053EF2-EE13-456C-95B6-BB9CC0788586}"
EndProject
Project("{FAE04EC0-301F-11D3-BF4B-00C04F79EFBC}") = "Application", "Application\Application.csproj", "{2171A500-C753-44C5-B49F-29426A671B01}"
EndProject
Project("{FAE04EC0-301F-11D3-BF4B-00C04F79EFBC}") = "Persistence", "Persistence\Persistence.csproj", "{B37564D4-B6F3-4061-8612-5D96991EBE88}"
EndProject
Global
	GlobalSection(SolutionConfigurationPlatforms) = preSolution
		Debug|Any CPU = Debug|Any CPU
		Release|Any CPU = Release|Any CPU
	EndGlobalSection
	GlobalSection(ProjectConfigurationPlatforms) = postSolution
		{D2D767EA-D71C-4845-9919-59347957EECC}.Debug|Any CPU.ActiveCfg = Debug|Any CPU
		{D2D767EA-D71C-4845-9919-59347957EECC}.Debug|Any CPU.Build.0 = Debug|Any CPU
		{D2D767EA-D71C-4845-9919-59347957EECC}.Release|Any CPU.ActiveCfg = Release|Any CPU
		{D2D767EA-D71C-4845-9919-59347957EECC}.Release|Any CPU.Build.0 = Release|Any CPU
		{1B63BF7D-1A5A-44B3-9057-6BCCF89F39AC}.Debug|Any CPU.ActiveCfg = Debug|Any CPU
		{1B63BF7D-1A5A-44B3-9057-6BCCF89F39AC}.Debug|Any CPU.Build.0 = Debug|Any CPU
		{1B63BF7D-1A5A-44B3-9057-6BCCF89F39AC}.Debug|Any CPU.Deploy.0 = Debug|Any CPU
		{1B63BF7D-1A5A-44B3-9057-6BCCF89F39AC}.Release|Any CPU.ActiveCfg = Release|Any CPU
		{1B63BF7D-1A5A-44B3-9057-6BCCF89F39AC}.Release|Any CPU.Build.0 = Release|Any CPU
		{1B63BF7D-1A5A-44B3-9057-6BCCF89F39AC}.Release|Any CPU.Deploy.0 = Release|Any CPU
		{B3053EF2-EE13-456C-95B6-BB9CC0788586}.Debug|Any CPU.ActiveCfg = Debug|Any CPU
		{B3053EF2-EE13-456C-95B6-BB9CC0788586}.Debug|Any CPU.Build.0 = Debug|Any CPU
		{B3053EF2-EE13-456C-95B6-BB9CC0788586}.Release|Any CPU.ActiveCfg = Release|Any CPU
		{B3053EF2-EE13-456C-95B6-BB9CC0788586}.Release|Any CPU.Build.0 = Release|Any CPU
		{2171A500-C753-44C5-B49F-29426A671B01}.Debug|Any CPU.ActiveCfg = Debug|Any CPU
		{2171A500-C753-44C5-B49F-29426A671B01}.Debug|Any CPU.Build.0 = Debug|Any CPU
		{2171A500-C753-44C5-B49F-29426A671B01}.Release|Any CPU.ActiveCfg = Release|Any CPU
		{2171A500-C753-44C5-B49F-29426A671B01}.Release|Any CPU.Build.0 = Release|Any CPU
		{B37564D4-B6F3-4061-8612-5D96991EBE88}.Debug|Any CPU.ActiveCfg = Debug|Any CPU
		{B37564D4-B6F3-4061-8612-5D96991EBE88}.Debug|Any CPU.Build.0 = Debug|Any CPU
		{B37564D4-B6F3-4061-8612-5D96991EBE88}.Release|Any CPU.ActiveCfg = Release|Any CPU
		{B37564D4-B6F3-4061-8612-5D96991EBE88}.Release|Any CPU.Build.0 = Release|Any CPU
	EndGlobalSection
	GlobalSection(SolutionProperties) = preSolution
		HideSolutionNode = FALSE
	EndGlobalSection
	GlobalSection(NestedProjects) = preSolution
		{D2D767EA-D71C-4845-9919-59347957EECC} = {9CA4B623-454D-43E5-89C7-72D590AA9544}
		{1B63BF7D-1A5A-44B3-9057-6BCCF89F39AC} = {0ACAC17C-F7C4-480A-A606-364D3FFFDC54}
		{58640E6B-67AB-4544-B44E-A4C466A31CD2} = {0ACAC17C-F7C4-480A-A606-364D3FFFDC54}
		{2FF5B7A2-8241-4CBE-AB0C-C3E3E2BACEC8} = {0ACAC17C-F7C4-480A-A606-364D3FFFDC54}
		{E178F924-EE17-459D-B9CE-B70B6927BEE4} = {0ACAC17C-F7C4-480A-A606-364D3FFFDC54}
		{B3053EF2-EE13-456C-95B6-BB9CC0788586} = {2FF5B7A2-8241-4CBE-AB0C-C3E3E2BACEC8}
		{2171A500-C753-44C5-B49F-29426A671B01} = {2FF5B7A2-8241-4CBE-AB0C-C3E3E2BACEC8}
		{B37564D4-B6F3-4061-8612-5D96991EBE88} = {E178F924-EE17-459D-B9CE-B70B6927BEE4}
	EndGlobalSection
EndGlobal
